
Microsoft Visual Studio Solution File, Format Version 12.00
# Visual Studio 15
Project("{FAE04EC0-301F-11D3-BF4B-00C04F79EFBC}") = "Assembly-CSharp-Editor", "Assembly-CSharp-Editor.csproj", "{D29C334F-FB29-0C6A-B4F4-F4FEDA21FF2B}"
EndProject
Project("{FAE04EC0-301F-11D3-BF4B-00C04F79EFBC}") = "Assembly-CSharp", "Assembly-CSharp.csproj", "{EDCA3540-F4A0-BFFB-0799-CF023BAD21F3}"
EndProject
Project("{FAE04EC0-301F-11D3-BF4B-00C04F79EFBC}") = "Runtime", "Runtime.csproj", "{DD079EF6-86EC-B9BC-EEAA-87BB5EDE6C1B}"
EndProject
Project("{FAE04EC0-301F-11D3-BF4B-00C04F79EFBC}") = "Editor", "Editor.csproj", "{96C9DEEE-730B-6898-D422-CB07F8C4BF7A}"
EndProject
Global
	GlobalSection(SolutionConfigurationPlatforms) = preSolution
		Debug|Any CPU = Debug|Any CPU
		Release|Any CPU = Release|Any CPU
	EndGlobalSection
	GlobalSection(ProjectConfigurationPlatforms) = postSolution
		{D29C334F-FB29-0C6A-B4F4-F4FEDA21FF2B}.Debug|Any CPU.ActiveCfg = Debug|Any CPU
		{D29C334F-FB29-0C6A-B4F4-F4FEDA21FF2B}.Debug|Any CPU.Build.0 = Debug|Any CPU
		{D29C334F-FB29-0C6A-B4F4-F4FEDA21FF2B}.Release|Any CPU.ActiveCfg = Release|Any CPU
		{D29C334F-FB29-0C6A-B4F4-F4FEDA21FF2B}.Release|Any CPU.Build.0 = Release|Any CPU
		{EDCA3540-F4A0-BFFB-0799-CF023BAD21F3}.Debug|Any CPU.ActiveCfg = Debug|Any CPU
		{EDCA3540-F4A0-BFFB-0799-CF023BAD21F3}.Debug|Any CPU.Build.0 = Debug|Any CPU
		{EDCA3540-F4A0-BFFB-0799-CF023BAD21F3}.Release|Any CPU.ActiveCfg = Release|Any CPU
		{EDCA3540-F4A0-BFFB-0799-CF023BAD21F3}.Release|Any CPU.Build.0 = Release|Any CPU
		{DD079EF6-86EC-B9BC-EEAA-87BB5EDE6C1B}.Debug|Any CPU.ActiveCfg = Debug|Any CPU
		{DD079EF6-86EC-B9BC-EEAA-87BB5EDE6C1B}.Debug|Any CPU.Build.0 = Debug|Any CPU
		{DD079EF6-86EC-B9BC-EEAA-87BB5EDE6C1B}.Release|Any CPU.ActiveCfg = Release|Any CPU
		{DD079EF6-86EC-B9BC-EEAA-87BB5EDE6C1B}.Release|Any CPU.Build.0 = Release|Any CPU
		{96C9DEEE-730B-6898-D422-CB07F8C4BF7A}.Debug|Any CPU.ActiveCfg = Debug|Any CPU
		{96C9DEEE-730B-6898-D422-CB07F8C4BF7A}.Debug|Any CPU.Build.0 = Debug|Any CPU
		{96C9DEEE-730B-6898-D422-CB07F8C4BF7A}.Release|Any CPU.ActiveCfg = Release|Any CPU
		{96C9DEEE-730B-6898-D422-CB07F8C4BF7A}.Release|Any CPU.Build.0 = Release|Any CPU
	EndGlobalSection
	GlobalSection(SolutionProperties) = preSolution
		HideSolutionNode = FALSE
	EndGlobalSection
EndGlobal
